
Microsoft Visual Studio Solution File, Format Version 12.00
# Visual Studio Version 17
VisualStudioVersion = 17.6.33712.159
MinimumVisualStudioVersion = 10.0.40219.1
Project("{9A19103F-16F7-4668-BE54-9A1E7A4F7556}") = "WebApplication1", "WebApplication1\WebApplication1.csproj", "{DA64D02D-E915-4448-897A-3160B32C33EE}"
EndProject
Project("{FAE04EC0-301F-11D3-BF4B-00C04F79EFBC}") = "WebApplication1.Core", "WebApplication1.Core\WebApplication1.Core.csproj", "{F51BA140-92E0-493A-9EC0-6DE5D5CF70DC}"
EndProject
Project("{FAE04EC0-301F-11D3-BF4B-00C04F79EFBC}") = "WebApplication1.Data", "WebApplication1.Data\WebApplication1.Data.csproj", "{C87040E6-CD1B-41F7-8BC8-ED8098583DC4}"
EndProject
Project("{FAE04EC0-301F-11D3-BF4B-00C04F79EFBC}") = "WebApplication1.Service", "WebApplication1.Service\WebApplication1.Service.csproj", "{DE818D50-6E21-408E-862D-51C01E3D5868}"
EndProject
Global
	GlobalSection(SolutionConfigurationPlatforms) = preSolution
		Debug|Any CPU = Debug|Any CPU
		Release|Any CPU = Release|Any CPU
	EndGlobalSection
	GlobalSection(ProjectConfigurationPlatforms) = postSolution
		{DA64D02D-E915-4448-897A-3160B32C33EE}.Debug|Any CPU.ActiveCfg = Debug|Any CPU
		{DA64D02D-E915-4448-897A-3160B32C33EE}.Debug|Any CPU.Build.0 = Debug|Any CPU
		{DA64D02D-E915-4448-897A-3160B32C33EE}.Release|Any CPU.ActiveCfg = Release|Any CPU
		{DA64D02D-E915-4448-897A-3160B32C33EE}.Release|Any CPU.Build.0 = Release|Any CPU
		{F51BA140-92E0-493A-9EC0-6DE5D5CF70DC}.Debug|Any CPU.ActiveCfg = Debug|Any CPU
		{F51BA140-92E0-493A-9EC0-6DE5D5CF70DC}.Debug|Any CPU.Build.0 = Debug|Any CPU
		{F51BA140-92E0-493A-9EC0-6DE5D5CF70DC}.Release|Any CPU.ActiveCfg = Release|Any CPU
		{F51BA140-92E0-493A-9EC0-6DE5D5CF70DC}.Release|Any CPU.Build.0 = Release|Any CPU
		{C87040E6-CD1B-41F7-8BC8-ED8098583DC4}.Debug|Any CPU.ActiveCfg = Debug|Any CPU
		{C87040E6-CD1B-41F7-8BC8-ED8098583DC4}.Debug|Any CPU.Build.0 = Debug|Any CPU
		{C87040E6-CD1B-41F7-8BC8-ED8098583DC4}.Release|Any CPU.ActiveCfg = Release|Any CPU
		{C87040E6-CD1B-41F7-8BC8-ED8098583DC4}.Release|Any CPU.Build.0 = Release|Any CPU
		{DE818D50-6E21-408E-862D-51C01E3D5868}.Debug|Any CPU.ActiveCfg = Debug|Any CPU
		{DE818D50-6E21-408E-862D-51C01E3D5868}.Debug|Any CPU.Build.0 = Debug|Any CPU
		{DE818D50-6E21-408E-862D-51C01E3D5868}.Release|Any CPU.ActiveCfg = Release|Any CPU
		{DE818D50-6E21-408E-862D-51C01E3D5868}.Release|Any CPU.Build.0 = Release|Any CPU
	EndGlobalSection
	GlobalSection(SolutionProperties) = preSolution
		HideSolutionNode = FALSE
	EndGlobalSection
	GlobalSection(ExtensibilityGlobals) = postSolution
		SolutionGuid = {B7996C30-BEAC-474F-A640-D8EBAED7ED08}
	EndGlobalSection
EndGlobal
